
Microsoft Visual Studio Solution File, Format Version 12.00
# Visual Studio Version 16
VisualStudioVersion = 16.0.31702.278
MinimumVisualStudioVersion = 10.0.40219.1
Project("{FAE04EC0-301F-11D3-BF4B-00C04F79EFBC}") = "PopcornWebApp", "PopcornWebApp.csproj", "{16F4AD04-1C93-4DF1-8B67-BEE5CA2CCF9A}"
EndProject
Global
	GlobalSection(SolutionConfigurationPlatforms) = preSolution
		Debug|Any CPU = Debug|Any CPU
		Release|Any CPU = Release|Any CPU
	EndGlobalSection
	GlobalSection(ProjectConfigurationPlatforms) = postSolution
		{16F4AD04-1C93-4DF1-8B67-BEE5CA2CCF9A}.Debug|Any CPU.ActiveCfg = Debug|Any CPU
		{16F4AD04-1C93-4DF1-8B67-BEE5CA2CCF9A}.Debug|Any CPU.Build.0 = Debug|Any CPU
		{16F4AD04-1C93-4DF1-8B67-BEE5CA2CCF9A}.Release|Any CPU.ActiveCfg = Release|Any CPU
		{16F4AD04-1C93-4DF1-8B67-BEE5CA2CCF9A}.Release|Any CPU.Build.0 = Release|Any CPU
	EndGlobalSection
	GlobalSection(SolutionProperties) = preSolution
		HideSolutionNode = FALSE
	EndGlobalSection
	GlobalSection(ExtensibilityGlobals) = postSolution
		SolutionGuid = {091466C6-F9E0-4617-8689-527879CDC95F}
	EndGlobalSection
EndGlobal
